// !$*UTF8*$!
{
	archiveVersion = 1;
	classes = {
	};
	objectVersion = 48;
	objects = {

/* Begin PBXBuildFile section */
		09A6B8D38A0198D6D8F57523 /* Pods_LookARound.framework in Frameworks */ = {isa = PBXBuildFile; fileRef = 29FB2778497F0154DB2D1406 /* Pods_LookARound.framework */; };
		7734356B1F8C9C1500375221 /* AppDelegate.swift in Sources */ = {isa = PBXBuildFile; fileRef = 7734356A1F8C9C1500375221 /* AppDelegate.swift */; };
		7734356D1F8C9C1500375221 /* Scene.sks in Resources */ = {isa = PBXBuildFile; fileRef = 7734356C1F8C9C1500375221 /* Scene.sks */; };
		7734356F1F8C9C1500375221 /* Scene.swift in Sources */ = {isa = PBXBuildFile; fileRef = 7734356E1F8C9C1500375221 /* Scene.swift */; };
		773435711F8C9C1500375221 /* ViewController.swift in Sources */ = {isa = PBXBuildFile; fileRef = 773435701F8C9C1500375221 /* ViewController.swift */; };
		773435741F8C9C1500375221 /* Main.storyboard in Resources */ = {isa = PBXBuildFile; fileRef = 773435721F8C9C1500375221 /* Main.storyboard */; };
		773435761F8C9C1500375221 /* Assets.xcassets in Resources */ = {isa = PBXBuildFile; fileRef = 773435751F8C9C1500375221 /* Assets.xcassets */; };
		773435791F8C9C1500375221 /* LaunchScreen.storyboard in Resources */ = {isa = PBXBuildFile; fileRef = 773435771F8C9C1500375221 /* LaunchScreen.storyboard */; };
		773435871F8C9CBF00375221 /* Login.storyboard in Resources */ = {isa = PBXBuildFile; fileRef = 773435861F8C9CBF00375221 /* Login.storyboard */; };
		773435891F8C9CDF00375221 /* Filter.storyboard in Resources */ = {isa = PBXBuildFile; fileRef = 773435881F8C9CDF00375221 /* Filter.storyboard */; };
		7734358B1F8C9CEF00375221 /* Detail.storyboard in Resources */ = {isa = PBXBuildFile; fileRef = 7734358A1F8C9CEF00375221 /* Detail.storyboard */; };
/* End PBXBuildFile section */

/* Begin PBXFileReference section */
		29FB2778497F0154DB2D1406 /* Pods_LookARound.framework */ = {isa = PBXFileReference; explicitFileType = wrapper.framework; includeInIndex = 0; path = Pods_LookARound.framework; sourceTree = BUILT_PRODUCTS_DIR; };
		6AEEA033A3A22E4DD0EC7964 /* Pods-LookARound.release.xcconfig */ = {isa = PBXFileReference; includeInIndex = 1; lastKnownFileType = text.xcconfig; name = "Pods-LookARound.release.xcconfig"; path = "Pods/Target Support Files/Pods-LookARound/Pods-LookARound.release.xcconfig"; sourceTree = "<group>"; };
		773435671F8C9C1500375221 /* LookARound.app */ = {isa = PBXFileReference; explicitFileType = wrapper.application; includeInIndex = 0; path = LookARound.app; sourceTree = BUILT_PRODUCTS_DIR; };
		7734356A1F8C9C1500375221 /* AppDelegate.swift */ = {isa = PBXFileReference; lastKnownFileType = sourcecode.swift; path = AppDelegate.swift; sourceTree = "<group>"; };
		7734356C1F8C9C1500375221 /* Scene.sks */ = {isa = PBXFileReference; lastKnownFileType = file.sks; path = Scene.sks; sourceTree = "<group>"; };
		7734356E1F8C9C1500375221 /* Scene.swift */ = {isa = PBXFileReference; lastKnownFileType = sourcecode.swift; path = Scene.swift; sourceTree = "<group>"; };
		773435701F8C9C1500375221 /* ViewController.swift */ = {isa = PBXFileReference; lastKnownFileType = sourcecode.swift; path = ViewController.swift; sourceTree = "<group>"; };
		773435731F8C9C1500375221 /* Base */ = {isa = PBXFileReference; lastKnownFileType = file.storyboard; name = Base; path = Base.lproj/Main.storyboard; sourceTree = "<group>"; };
		773435751F8C9C1500375221 /* Assets.xcassets */ = {isa = PBXFileReference; lastKnownFileType = folder.assetcatalog; path = Assets.xcassets; sourceTree = "<group>"; };
		773435781F8C9C1500375221 /* Base */ = {isa = PBXFileReference; lastKnownFileType = file.storyboard; name = Base; path = Base.lproj/LaunchScreen.storyboard; sourceTree = "<group>"; };
		7734357A1F8C9C1500375221 /* Info.plist */ = {isa = PBXFileReference; lastKnownFileType = text.plist.xml; path = Info.plist; sourceTree = "<group>"; };
		773435861F8C9CBF00375221 /* Login.storyboard */ = {isa = PBXFileReference; lastKnownFileType = file.storyboard; path = Login.storyboard; sourceTree = "<group>"; };
		773435881F8C9CDF00375221 /* Filter.storyboard */ = {isa = PBXFileReference; lastKnownFileType = file.storyboard; path = Filter.storyboard; sourceTree = "<group>"; };
		7734358A1F8C9CEF00375221 /* Detail.storyboard */ = {isa = PBXFileReference; lastKnownFileType = file.storyboard; path = Detail.storyboard; sourceTree = "<group>"; };
		FC31536806695EE09312AAF8 /* Pods-LookARound.debug.xcconfig */ = {isa = PBXFileReference; includeInIndex = 1; lastKnownFileType = text.xcconfig; name = "Pods-LookARound.debug.xcconfig"; path = "Pods/Target Support Files/Pods-LookARound/Pods-LookARound.debug.xcconfig"; sourceTree = "<group>"; };
/* End PBXFileReference section */

/* Begin PBXFrameworksBuildPhase section */
		773435641F8C9C1500375221 /* Frameworks */ = {
			isa = PBXFrameworksBuildPhase;
			buildActionMask = 2147483647;
			files = (
				09A6B8D38A0198D6D8F57523 /* Pods_LookARound.framework in Frameworks */,
			);
			runOnlyForDeploymentPostprocessing = 0;
		};
/* End PBXFrameworksBuildPhase section */

/* Begin PBXGroup section */
		3D82BF588FC2E5F9609FDEF8 /* Pods */ = {
			isa = PBXGroup;
			children = (
				FC31536806695EE09312AAF8 /* Pods-LookARound.debug.xcconfig */,
				6AEEA033A3A22E4DD0EC7964 /* Pods-LookARound.release.xcconfig */,
			);
			name = Pods;
			sourceTree = "<group>";
		};
		46C2CB00CE83AA3A80EC0A43 /* Frameworks */ = {
			isa = PBXGroup;
			children = (
				29FB2778497F0154DB2D1406 /* Pods_LookARound.framework */,
			);
			name = Frameworks;
			sourceTree = "<group>";
		};
		7734355E1F8C9C1500375221 = {
			isa = PBXGroup;
			children = (
				773435691F8C9C1500375221 /* LookARound */,
				773435681F8C9C1500375221 /* Products */,
				3D82BF588FC2E5F9609FDEF8 /* Pods */,
				46C2CB00CE83AA3A80EC0A43 /* Frameworks */,
			);
			sourceTree = "<group>";
		};
		773435681F8C9C1500375221 /* Products */ = {
			isa = PBXGroup;
			children = (
				773435671F8C9C1500375221 /* LookARound.app */,
			);
			name = Products;
			sourceTree = "<group>";
		};
		773435691F8C9C1500375221 /* LookARound */ = {
			isa = PBXGroup;
			children = (
				773435851F8C9C6B00375221 /* Storyboards */,
				773435841F8C9C5C00375221 /* Clients */,
				773435821F8C9C4B00375221 /* ViewControllers */,
				773435811F8C9C4300375221 /* Views */,
				773435801F8C9C3C00375221 /* Models */,
				7734356A1F8C9C1500375221 /* AppDelegate.swift */,
				7734356C1F8C9C1500375221 /* Scene.sks */,
				7734356E1F8C9C1500375221 /* Scene.swift */,
				773435701F8C9C1500375221 /* ViewController.swift */,
				773435751F8C9C1500375221 /* Assets.xcassets */,
				773435771F8C9C1500375221 /* LaunchScreen.storyboard */,
				7734357A1F8C9C1500375221 /* Info.plist */,
			);
			path = LookARound;
			sourceTree = "<group>";
		};
		773435801F8C9C3C00375221 /* Models */ = {
			isa = PBXGroup;
			children = (
			);
			path = Models;
			sourceTree = "<group>";
		};
		773435811F8C9C4300375221 /* Views */ = {
			isa = PBXGroup;
			children = (
			);
			path = Views;
			sourceTree = "<group>";
		};
		773435821F8C9C4B00375221 /* ViewControllers */ = {
			isa = PBXGroup;
			children = (
			);
			path = ViewControllers;
			sourceTree = "<group>";
		};
		773435841F8C9C5C00375221 /* Clients */ = {
			isa = PBXGroup;
			children = (
			);
			path = Clients;
			sourceTree = "<group>";
		};
		773435851F8C9C6B00375221 /* Storyboards */ = {
			isa = PBXGroup;
			children = (
				773435721F8C9C1500375221 /* Main.storyboard */,
				773435861F8C9CBF00375221 /* Login.storyboard */,
				773435881F8C9CDF00375221 /* Filter.storyboard */,
				7734358A1F8C9CEF00375221 /* Detail.storyboard */,
			);
			path = Storyboards;
			sourceTree = "<group>";
		};
/* End PBXGroup section */

/* Begin PBXNativeTarget section */
		773435661F8C9C1500375221 /* LookARound */ = {
			isa = PBXNativeTarget;
			buildConfigurationList = 7734357D1F8C9C1500375221 /* Build configuration list for PBXNativeTarget "LookARound" */;
			buildPhases = (
				5B62C1CCAA62E0BB47EC779B /* [CP] Check Pods Manifest.lock */,
				773435631F8C9C1500375221 /* Sources */,
				773435641F8C9C1500375221 /* Frameworks */,
				773435651F8C9C1500375221 /* Resources */,
				72B319B02BBEA7559C7C8122 /* [CP] Embed Pods Frameworks */,
				FDD085926166DE314D98B68F /* [CP] Copy Pods Resources */,
			);
			buildRules = (
			);
			dependencies = (
			);
			name = LookARound;
			productName = LookARound;
			productReference = 773435671F8C9C1500375221 /* LookARound.app */;
			productType = "com.apple.product-type.application";
		};
/* End PBXNativeTarget section */

/* Begin PBXProject section */
		7734355F1F8C9C1500375221 /* Project object */ = {
			isa = PBXProject;
			attributes = {
				LastSwiftUpdateCheck = 0900;
				LastUpgradeCheck = 0900;
				ORGANIZATIONNAME = LookARound;
				TargetAttributes = {
					773435661F8C9C1500375221 = {
						CreatedOnToolsVersion = 9.0;
						ProvisioningStyle = Automatic;
					};
				};
			};
			buildConfigurationList = 773435621F8C9C1500375221 /* Build configuration list for PBXProject "LookARound" */;
			compatibilityVersion = "Xcode 8.0";
			developmentRegion = en;
			hasScannedForEncodings = 0;
			knownRegions = (
				en,
				Base,
			);
			mainGroup = 7734355E1F8C9C1500375221;
			productRefGroup = 773435681F8C9C1500375221 /* Products */;
			projectDirPath = "";
			projectRoot = "";
			targets = (
				773435661F8C9C1500375221 /* LookARound */,
			);
		};
/* End PBXProject section */

/* Begin PBXResourcesBuildPhase section */
		773435651F8C9C1500375221 /* Resources */ = {
			isa = PBXResourcesBuildPhase;
			buildActionMask = 2147483647;
			files = (
				7734356D1F8C9C1500375221 /* Scene.sks in Resources */,
				773435791F8C9C1500375221 /* LaunchScreen.storyboard in Resources */,
				773435891F8C9CDF00375221 /* Filter.storyboard in Resources */,
				773435761F8C9C1500375221 /* Assets.xcassets in Resources */,
				7734358B1F8C9CEF00375221 /* Detail.storyboard in Resources */,
				773435871F8C9CBF00375221 /* Login.storyboard in Resources */,
				773435741F8C9C1500375221 /* Main.storyboard in Resources */,
			);
			runOnlyForDeploymentPostprocessing = 0;
		};
/* End PBXResourcesBuildPhase section */

/* Begin PBXShellScriptBuildPhase section */
		5B62C1CCAA62E0BB47EC779B /* [CP] Check Pods Manifest.lock */ = {
			isa = PBXShellScriptBuildPhase;
			buildActionMask = 2147483647;
			files = (
			);
			inputPaths = (
				"${PODS_PODFILE_DIR_PATH}/Podfile.lock",
				"${PODS_ROOT}/Manifest.lock",
			);
			name = "[CP] Check Pods Manifest.lock";
			outputPaths = (
				"$(DERIVED_FILE_DIR)/Pods-LookARound-checkManifestLockResult.txt",
			);
			runOnlyForDeploymentPostprocessing = 0;
			shellPath = /bin/sh;
			shellScript = "diff \"${PODS_PODFILE_DIR_PATH}/Podfile.lock\" \"${PODS_ROOT}/Manifest.lock\" > /dev/null\nif [ $? != 0 ] ; then\n    # print error to STDERR\n    echo \"error: The sandbox is not in sync with the Podfile.lock. Run 'pod install' or update your CocoaPods installation.\" >&2\n    exit 1\nfi\n# This output is used by Xcode 'outputs' to avoid re-running this script phase.\necho \"SUCCESS\" > \"${SCRIPT_OUTPUT_FILE_0}\"\n";
			showEnvVarsInLog = 0;
		};
		72B319B02BBEA7559C7C8122 /* [CP] Embed Pods Frameworks */ = {
			isa = PBXShellScriptBuildPhase;
			buildActionMask = 2147483647;
			files = (
			);
			inputPaths = (
				"${SRCROOT}/Pods/Target Support Files/Pods-LookARound/Pods-LookARound-frameworks.sh",
				"${BUILT_PRODUCTS_DIR}/AFNetworking/AFNetworking.framework",
				"${BUILT_PRODUCTS_DIR}/BDBOAuth1Manager/BDBOAuth1Manager.framework",
				"${BUILT_PRODUCTS_DIR}/MBProgressHUD/MBProgressHUD.framework",
				"${BUILT_PRODUCTS_DIR}/SwiftyJSON/SwiftyJSON.framework",
			);
			name = "[CP] Embed Pods Frameworks";
			outputPaths = (
				"${TARGET_BUILD_DIR}/${FRAMEWORKS_FOLDER_PATH}/AFNetworking.framework",
				"${TARGET_BUILD_DIR}/${FRAMEWORKS_FOLDER_PATH}/BDBOAuth1Manager.framework",
				"${TARGET_BUILD_DIR}/${FRAMEWORKS_FOLDER_PATH}/MBProgressHUD.framework",
				"${TARGET_BUILD_DIR}/${FRAMEWORKS_FOLDER_PATH}/SwiftyJSON.framework",
			);
			runOnlyForDeploymentPostprocessing = 0;
			shellPath = /bin/sh;
			shellScript = "\"${SRCROOT}/Pods/Target Support Files/Pods-LookARound/Pods-LookARound-frameworks.sh\"\n";
			showEnvVarsInLog = 0;
		};
		FDD085926166DE314D98B68F /* [CP] Copy Pods Resources */ = {
			isa = PBXShellScriptBuildPhase;
			buildActionMask = 2147483647;
			files = (
			);
			inputPaths = (
			);
			name = "[CP] Copy Pods Resources";
			outputPaths = (
			);
			runOnlyForDeploymentPostprocessing = 0;
			shellPath = /bin/sh;
			shellScript = "\"${SRCROOT}/Pods/Target Support Files/Pods-LookARound/Pods-LookARound-resources.sh\"\n";
			showEnvVarsInLog = 0;
		};
/* End PBXShellScriptBuildPhase section */

/* Begin PBXSourcesBuildPhase section */
		773435631F8C9C1500375221 /* Sources */ = {
			isa = PBXSourcesBuildPhase;
			buildActionMask = 2147483647;
			files = (
				773435711F8C9C1500375221 /* ViewController.swift in Sources */,
				7734356F1F8C9C1500375221 /* Scene.swift in Sources */,
				7734356B1F8C9C1500375221 /* AppDelegate.swift in Sources */,
			);
			runOnlyForDeploymentPostprocessing = 0;
		};
/* End PBXSourcesBuildPhase section */

/* Begin PBXVariantGroup section */
		773435721F8C9C1500375221 /* Main.storyboard */ = {
			isa = PBXVariantGroup;
			children = (
				773435731F8C9C1500375221 /* Base */,
			);
			name = Main.storyboard;
			sourceTree = "<group>";
		};
		773435771F8C9C1500375221 /* LaunchScreen.storyboard */ = {
			isa = PBXVariantGroup;
			children = (
				773435781F8C9C1500375221 /* Base */,
			);
			name = LaunchScreen.storyboard;
			sourceTree = "<group>";
		};
/* End PBXVariantGroup section */

/* Begin XCBuildConfiguration section */
		7734357B1F8C9C1500375221 /* Debug */ = {
			isa = XCBuildConfiguration;
			buildSettings = {
				ALWAYS_SEARCH_USER_PATHS = NO;
				CLANG_ANALYZER_NONNULL = YES;
				CLANG_ANALYZER_NUMBER_OBJECT_CONVERSION = YES_AGGRESSIVE;
				CLANG_CXX_LANGUAGE_STANDARD = "gnu++14";
				CLANG_CXX_LIBRARY = "libc++";
				CLANG_ENABLE_MODULES = YES;
				CLANG_ENABLE_OBJC_ARC = YES;
				CLANG_WARN_BLOCK_CAPTURE_AUTORELEASING = YES;
				CLANG_WARN_BOOL_CONVERSION = YES;
				CLANG_WARN_COMMA = YES;
				CLANG_WARN_CONSTANT_CONVERSION = YES;
				CLANG_WARN_DIRECT_OBJC_ISA_USAGE = YES_ERROR;
				CLANG_WARN_DOCUMENTATION_COMMENTS = YES;
				CLANG_WARN_EMPTY_BODY = YES;
				CLANG_WARN_ENUM_CONVERSION = YES;
				CLANG_WARN_INFINITE_RECURSION = YES;
				CLANG_WARN_INT_CONVERSION = YES;
				CLANG_WARN_NON_LITERAL_NULL_CONVERSION = YES;
				CLANG_WARN_OBJC_LITERAL_CONVERSION = YES;
				CLANG_WARN_OBJC_ROOT_CLASS = YES_ERROR;
				CLANG_WARN_RANGE_LOOP_ANALYSIS = YES;
				CLANG_WARN_STRICT_PROTOTYPES = YES;
				CLANG_WARN_SUSPICIOUS_MOVE = YES;
				CLANG_WARN_UNGUARDED_AVAILABILITY = YES_AGGRESSIVE;
				CLANG_WARN_UNREACHABLE_CODE = YES;
				CLANG_WARN__DUPLICATE_METHOD_MATCH = YES;
				CODE_SIGN_IDENTITY = "iPhone Developer";
				COPY_PHASE_STRIP = NO;
				DEBUG_INFORMATION_FORMAT = dwarf;
				ENABLE_STRICT_OBJC_MSGSEND = YES;
				ENABLE_TESTABILITY = YES;
				GCC_C_LANGUAGE_STANDARD = gnu11;
				GCC_DYNAMIC_NO_PIC = NO;
				GCC_NO_COMMON_BLOCKS = YES;
				GCC_OPTIMIZATION_LEVEL = 0;
				GCC_PREPROCESSOR_DEFINITIONS = (
					"DEBUG=1",
					"$(inherited)",
				);
				GCC_WARN_64_TO_32_BIT_CONVERSION = YES;
				GCC_WARN_ABOUT_RETURN_TYPE = YES_ERROR;
				GCC_WARN_UNDECLARED_SELECTOR = YES;
				GCC_WARN_UNINITIALIZED_AUTOS = YES_AGGRESSIVE;
				GCC_WARN_UNUSED_FUNCTION = YES;
				GCC_WARN_UNUSED_VARIABLE = YES;
				IPHONEOS_DEPLOYMENT_TARGET = 11.0;
				MTL_ENABLE_DEBUG_INFO = YES;
				ONLY_ACTIVE_ARCH = YES;
				SDKROOT = iphoneos;
				SWIFT_ACTIVE_COMPILATION_CONDITIONS = DEBUG;
				SWIFT_OPTIMIZATION_LEVEL = "-Onone";
			};
			name = Debug;
		};
		7734357C1F8C9C1500375221 /* Release */ = {
			isa = XCBuildConfiguration;
			buildSettings = {
				ALWAYS_SEARCH_USER_PATHS = NO;
				CLANG_ANALYZER_NONNULL = YES;
				CLANG_ANALYZER_NUMBER_OBJECT_CONVERSION = YES_AGGRESSIVE;
				CLANG_CXX_LANGUAGE_STANDARD = "gnu++14";
				CLANG_CXX_LIBRARY = "libc++";
				CLANG_ENABLE_MODULES = YES;
				CLANG_ENABLE_OBJC_ARC = YES;
				CLANG_WARN_BLOCK_CAPTURE_AUTORELEASING = YES;
				CLANG_WARN_BOOL_CONVERSION = YES;
				CLANG_WARN_COMMA = YES;
				CLANG_WARN_CONSTANT_CONVERSION = YES;
				CLANG_WARN_DIRECT_OBJC_ISA_USAGE = YES_ERROR;
				CLANG_WARN_DOCUMENTATION_COMMENTS = YES;
				CLANG_WARN_EMPTY_BODY = YES;
				CLANG_WARN_ENUM_CONVERSION = YES;
				CLANG_WARN_INFINITE_RECURSION = YES;
				CLANG_WARN_INT_CONVERSION = YES;
				CLANG_WARN_NON_LITERAL_NULL_CONVERSION = YES;
				CLANG_WARN_OBJC_LITERAL_CONVERSION = YES;
				CLANG_WARN_OBJC_ROOT_CLASS = YES_ERROR;
				CLANG_WARN_RANGE_LOOP_ANALYSIS = YES;
				CLANG_WARN_STRICT_PROTOTYPES = YES;
				CLANG_WARN_SUSPICIOUS_MOVE = YES;
				CLANG_WARN_UNGUARDED_AVAILABILITY = YES_AGGRESSIVE;
				CLANG_WARN_UNREACHABLE_CODE = YES;
				CLANG_WARN__DUPLICATE_METHOD_MATCH = YES;
				CODE_SIGN_IDENTITY = "iPhone Developer";
				COPY_PHASE_STRIP = NO;
				DEBUG_INFORMATION_FORMAT = "dwarf-with-dsym";
				ENABLE_NS_ASSERTIONS = NO;
				ENABLE_STRICT_OBJC_MSGSEND = YES;
				GCC_C_LANGUAGE_STANDARD = gnu11;
				GCC_NO_COMMON_BLOCKS = YES;
				GCC_WARN_64_TO_32_BIT_CONVERSION = YES;
				GCC_WARN_ABOUT_RETURN_TYPE = YES_ERROR;
				GCC_WARN_UNDECLARED_SELECTOR = YES;
				GCC_WARN_UNINITIALIZED_AUTOS = YES_AGGRESSIVE;
				GCC_WARN_UNUSED_FUNCTION = YES;
				GCC_WARN_UNUSED_VARIABLE = YES;
				IPHONEOS_DEPLOYMENT_TARGET = 11.0;
				MTL_ENABLE_DEBUG_INFO = NO;
				SDKROOT = iphoneos;
				SWIFT_OPTIMIZATION_LEVEL = "-Owholemodule";
				VALIDATE_PRODUCT = YES;
			};
			name = Release;
		};
		7734357E1F8C9C1500375221 /* Debug */ = {
			isa = XCBuildConfiguration;
			baseConfigurationReference = FC31536806695EE09312AAF8 /* Pods-LookARound.debug.xcconfig */;
			buildSettings = {
				ASSETCATALOG_COMPILER_APPICON_NAME = AppIcon;
				CODE_SIGN_STYLE = Automatic;
				DEVELOPMENT_TEAM = PUQ8TNP3W4;
				INFOPLIST_FILE = LookARound/Info.plist;
				LD_RUNPATH_SEARCH_PATHS = "$(inherited) @executable_path/Frameworks";
				PRODUCT_BUNDLE_IDENTIFIER = com.codepath.LookARound;
				PRODUCT_NAME = "$(TARGET_NAME)";
				SWIFT_VERSION = 4.0;
				TARGETED_DEVICE_FAMILY = "1,2";
			};
			name = Debug;
		};
		7734357F1F8C9C1500375221 /* Release */ = {
			isa = XCBuildConfiguration;
			baseConfigurationReference = 6AEEA033A3A22E4DD0EC7964 /* Pods-LookARound.release.xcconfig */;
			buildSettings = {
				ASSETCATALOG_COMPILER_APPICON_NAME = AppIcon;
				CODE_SIGN_STYLE = Automatic;
				DEVELOPMENT_TEAM = PUQ8TNP3W4;
				INFOPLIST_FILE = LookARound/Info.plist;
				LD_RUNPATH_SEARCH_PATHS = "$(inherited) @executable_path/Frameworks";
				PRODUCT_BUNDLE_IDENTIFIER = com.codepath.LookARound;
				PRODUCT_NAME = "$(TARGET_NAME)";
				SWIFT_VERSION = 4.0;
				TARGETED_DEVICE_FAMILY = "1,2";
			};
			name = Release;
		};
/* End XCBuildConfiguration section */

/* Begin XCConfigurationList section */
		773435621F8C9C1500375221 /* Build configuration list for PBXProject "LookARound" */ = {
			isa = XCConfigurationList;
			buildConfigurations = (
				7734357B1F8C9C1500375221 /* Debug */,
				7734357C1F8C9C1500375221 /* Release */,
			);
			defaultConfigurationIsVisible = 0;
			defaultConfigurationName = Release;
		};
		7734357D1F8C9C1500375221 /* Build configuration list for PBXNativeTarget "LookARound" */ = {
			isa = XCConfigurationList;
			buildConfigurations = (
				7734357E1F8C9C1500375221 /* Debug */,
				7734357F1F8C9C1500375221 /* Release */,
			);
			defaultConfigurationIsVisible = 0;
			defaultConfigurationName = Release;
		};
/* End XCConfigurationList section */
	};
	rootObject = 7734355F1F8C9C1500375221 /* Project object */;
}
